
Microsoft Visual Studio Solution File, Format Version 12.00
# Visual Studio Version 17
VisualStudioVersion = 17.5.33424.131
MinimumVisualStudioVersion = 10.0.40219.1
Project("{9A19103F-16F7-4668-BE54-9A1E7A4F7556}") = "proj.app.service", "src\proj.app.service\proj.app.service.csproj", "{968B9E87-8F76-4886-A8A6-7DD89A9108AF}"
EndProject
Project("{2150E333-8FDC-42A3-9474-1A3956D46DE8}") = "src", "src", "{09BDCCC5-690B-407C-9E40-E221C0616D1C}"
EndProject
Project("{2150E333-8FDC-42A3-9474-1A3956D46DE8}") = "tests", "tests", "{8721A9D0-FFE1-484F-AFAB-FFA3EAD80A4D}"
EndProject
Project("{FAE04EC0-301F-11D3-BF4B-00C04F79EFBC}") = "proj.app.service.UnitTests", "tests\proj.app.service.UnitTests\proj.app.service.UnitTests.csproj", "{912E7B47-6090-441C-BF2E-7C89F38F7DE1}"
EndProject
Global
	GlobalSection(SolutionConfigurationPlatforms) = preSolution
		Debug|Any CPU = Debug|Any CPU
		Release|Any CPU = Release|Any CPU
	EndGlobalSection
	GlobalSection(ProjectConfigurationPlatforms) = postSolution
		{968B9E87-8F76-4886-A8A6-7DD89A9108AF}.Debug|Any CPU.ActiveCfg = Debug|Any CPU
		{968B9E87-8F76-4886-A8A6-7DD89A9108AF}.Debug|Any CPU.Build.0 = Debug|Any CPU
		{968B9E87-8F76-4886-A8A6-7DD89A9108AF}.Release|Any CPU.ActiveCfg = Release|Any CPU
		{968B9E87-8F76-4886-A8A6-7DD89A9108AF}.Release|Any CPU.Build.0 = Release|Any CPU
		{912E7B47-6090-441C-BF2E-7C89F38F7DE1}.Debug|Any CPU.ActiveCfg = Debug|Any CPU
		{912E7B47-6090-441C-BF2E-7C89F38F7DE1}.Debug|Any CPU.Build.0 = Debug|Any CPU
		{912E7B47-6090-441C-BF2E-7C89F38F7DE1}.Release|Any CPU.ActiveCfg = Release|Any CPU
		{912E7B47-6090-441C-BF2E-7C89F38F7DE1}.Release|Any CPU.Build.0 = Release|Any CPU
	EndGlobalSection
	GlobalSection(SolutionProperties) = preSolution
		HideSolutionNode = FALSE
	EndGlobalSection
	GlobalSection(NestedProjects) = preSolution
		{968B9E87-8F76-4886-A8A6-7DD89A9108AF} = {09BDCCC5-690B-407C-9E40-E221C0616D1C}
		{912E7B47-6090-441C-BF2E-7C89F38F7DE1} = {8721A9D0-FFE1-484F-AFAB-FFA3EAD80A4D}
	EndGlobalSection
	GlobalSection(ExtensibilityGlobals) = postSolution
		SolutionGuid = {8BA2C95D-991A-4007-B379-F3C9D10C544F}
	EndGlobalSection
EndGlobal
